
Microsoft Visual Studio Solution File, Format Version 12.00
# Visual Studio Version 16
VisualStudioVersion = 16.0.29326.143
MinimumVisualStudioVersion = 10.0.40219.1
Project("{FAE04EC0-301F-11D3-BF4B-00C04F79EFBC}") = "UnmatchedJpegCopier", "UnmatchedJpegCopier\UnmatchedJpegCopier.csproj", "{53BA1B62-070B-4368-86F5-07BCD87743A9}"
EndProject
Global
	GlobalSection(SolutionConfigurationPlatforms) = preSolution
		Debug|Any CPU = Debug|Any CPU
		Release|Any CPU = Release|Any CPU
	EndGlobalSection
	GlobalSection(ProjectConfigurationPlatforms) = postSolution
		{53BA1B62-070B-4368-86F5-07BCD87743A9}.Debug|Any CPU.ActiveCfg = Debug|Any CPU
		{53BA1B62-070B-4368-86F5-07BCD87743A9}.Debug|Any CPU.Build.0 = Debug|Any CPU
		{53BA1B62-070B-4368-86F5-07BCD87743A9}.Release|Any CPU.ActiveCfg = Release|Any CPU
		{53BA1B62-070B-4368-86F5-07BCD87743A9}.Release|Any CPU.Build.0 = Release|Any CPU
	EndGlobalSection
	GlobalSection(SolutionProperties) = preSolution
		HideSolutionNode = FALSE
	EndGlobalSection
	GlobalSection(ExtensibilityGlobals) = postSolution
		SolutionGuid = {41D1BC9E-9CA9-490E-AC24-081C73446BF6}
	EndGlobalSection
EndGlobal
